
Microsoft Visual Studio Solution File, Format Version 12.00
# Visual Studio Version 16
VisualStudioVersion = 16.0.32002.261
MinimumVisualStudioVersion = 10.0.40219.1
Project("{FAE04EC0-301F-11D3-BF4B-00C04F79EFBC}") = "intex2", "intex2\intex2.csproj", "{ECD8961E-DCD5-4110-89B1-1B6D04683020}"
EndProject
Global
	GlobalSection(SolutionConfigurationPlatforms) = preSolution
		Debug|Any CPU = Debug|Any CPU
		Release|Any CPU = Release|Any CPU
	EndGlobalSection
	GlobalSection(ProjectConfigurationPlatforms) = postSolution
		{ECD8961E-DCD5-4110-89B1-1B6D04683020}.Debug|Any CPU.ActiveCfg = Debug|Any CPU
		{ECD8961E-DCD5-4110-89B1-1B6D04683020}.Debug|Any CPU.Build.0 = Debug|Any CPU
		{ECD8961E-DCD5-4110-89B1-1B6D04683020}.Release|Any CPU.ActiveCfg = Release|Any CPU
		{ECD8961E-DCD5-4110-89B1-1B6D04683020}.Release|Any CPU.Build.0 = Release|Any CPU
	EndGlobalSection
	GlobalSection(SolutionProperties) = preSolution
		HideSolutionNode = FALSE
	EndGlobalSection
	GlobalSection(ExtensibilityGlobals) = postSolution
		SolutionGuid = {8DF7D2B7-FF4C-436C-AE33-9D6A27D42493}
	EndGlobalSection
EndGlobal
